
Microsoft Visual Studio Solution File, Format Version 12.00
# Visual Studio 15
VisualStudioVersion = 15.0.27130.2010
MinimumVisualStudioVersion = 10.0.40219.1
Project("{FAE04EC0-301F-11D3-BF4B-00C04F79EFBC}") = "wuauApp1", "wuauApp1\wuauApp1.csproj", "{8A051545-5118-4970-9BCF-29595E31003D}"
EndProject
Global
	GlobalSection(SolutionConfigurationPlatforms) = preSolution
		Debug|Any CPU = Debug|Any CPU
		Release|Any CPU = Release|Any CPU
	EndGlobalSection
	GlobalSection(ProjectConfigurationPlatforms) = postSolution
		{8A051545-5118-4970-9BCF-29595E31003D}.Debug|Any CPU.ActiveCfg = Debug|Any CPU
		{8A051545-5118-4970-9BCF-29595E31003D}.Debug|Any CPU.Build.0 = Debug|Any CPU
		{8A051545-5118-4970-9BCF-29595E31003D}.Release|Any CPU.ActiveCfg = Release|Any CPU
		{8A051545-5118-4970-9BCF-29595E31003D}.Release|Any CPU.Build.0 = Release|Any CPU
	EndGlobalSection
	GlobalSection(SolutionProperties) = preSolution
		HideSolutionNode = FALSE
	EndGlobalSection
	GlobalSection(ExtensibilityGlobals) = postSolution
		SolutionGuid = {5A300D8C-F39C-4E18-9B7C-0A0C9AFE5B3E}
	EndGlobalSection
EndGlobal
