
Microsoft Visual Studio Solution File, Format Version 12.00
# Visual Studio 15
VisualStudioVersion = 15.0.27130.2010
MinimumVisualStudioVersion = 10.0.40219.1
Project("{FAE04EC0-301F-11D3-BF4B-00C04F79EFBC}") = "wumgr", "wumgr\wumgr.csproj", "{76CAAB57-2E67-4EBE-A538-EF63371C6A76}"
EndProject
Global
	GlobalSection(SolutionConfigurationPlatforms) = preSolution
		Debug|Any CPU = Debug|Any CPU
		Release|Any CPU = Release|Any CPU
	EndGlobalSection
	GlobalSection(ProjectConfigurationPlatforms) = postSolution
		{76CAAB57-2E67-4EBE-A538-EF63371C6A76}.Debug|Any CPU.ActiveCfg = Debug|Any CPU
		{76CAAB57-2E67-4EBE-A538-EF63371C6A76}.Debug|Any CPU.Build.0 = Debug|Any CPU
		{76CAAB57-2E67-4EBE-A538-EF63371C6A76}.Release|Any CPU.ActiveCfg = Release|Any CPU
		{76CAAB57-2E67-4EBE-A538-EF63371C6A76}.Release|Any CPU.Build.0 = Release|Any CPU
	EndGlobalSection
	GlobalSection(SolutionProperties) = preSolution
		HideSolutionNode = FALSE
	EndGlobalSection
	GlobalSection(ExtensibilityGlobals) = postSolution
		SolutionGuid = {D6EE193E-6905-4C5C-B763-411C30AD486B}
	EndGlobalSection
EndGlobal
